{
    "_meta": {
        "hash": {
            "sha256": "580108bee8541c6ba77634d64c73287cda6ce9213be0df77da84cdf4b27e5adf"
        },
        "pipfile-spec": 6,
        "requires": {
            "python_version": "3.11"
        },
        "sources": [
            {
                "name": "pypi",
                "url": "https://pypi.org/simple",
                "verify_ssl": true
            }
        ]
    },
    "default": {
        "altgraph": {
            "hashes": [
                "sha256:1b5afbb98f6c4dcadb2e2ae6ab9fa994bbb8c1d75f4fa96d340f9437ae454406",
                "sha256:642743b4750de17e655e6711601b077bc6598dbfa3ba5fa2b2a35ce12b508dff"
            ],
            "version": "==0.17.4"
        },
        "packaging": {
            "hashes": [
                "sha256:048fb0e9405036518eaaf48a55953c750c11e1a1b68e0dd1a9d62ed0c092cfc5",
                "sha256:8c491190033a9af7e1d931d0b5dacc2ef47509b34dd0de67ed209b5203fc88c7"
            ],
            "markers": "python_version >= '3.7'",
            "version": "==23.2"
        },
        "pefile": {
            "hashes": [
                "sha256:82e6114004b3d6911c77c3953e3838654b04511b8b66e8583db70c65998017dc",
                "sha256:da185cd2af68c08a6cd4481f7325ed600a88f6a813bad9dea07ab3ef73d8d8d6"
            ],
            "markers": "sys_platform == 'win32'",
            "version": "==2023.2.7"
        },
        "pyinstaller": {
            "hashes": [
                "sha256:086e68aa1e72f6aa13b9d170a395755e2b194b8ab410caeed02d16b432410c8c",
                "sha256:2519db3edec87d8c33924c2c4b7e176d8c1bbd9ba892d77efb67281925e621d6",
                "sha256:29341d2e86d5ce7df993e797ee96ef679041fc85376d31c35c7b714085a21299",
                "sha256:3c9cfe6d5d2f392d5d47389f6d377a8f225db460cdd01048b5a3de1d99c24ebe",
                "sha256:5d801db3ceee58d01337473ea897e96e4bb21421a169dd7cf8716754617ff7fc",
                "sha256:78d1601a11475b95dceff6eaf0c9cd74d93e3f47b5ce4ad63cd76e7a369d3d04",
                "sha256:a2e7a1d76a7ac26f1db849d691a374f2048b0e204233028d25d79a90ecd1fec8",
                "sha256:aa609aca62edd8cdcf7740677a21525e6c23b5e9a8f821ec8a80c68947771b5d",
                "sha256:ad6e31a8f35a463c6140e4cf979859197edc9831a1039253408b0fe5eec274dc",
                "sha256:b70ebc10811b30bbea4cf5b81fd1477db992c2614cf215edc987cda9c5468911",
                "sha256:b8d4000af72bf72f8185d420cd0a0aee0961f03a5c3511dc3ff08cdaef0583de",
                "sha256:e033218c8922f0342b6095fb444ecb3bc6747dfa58cac5eac2b985350f4b681e"
            ],
            "index": "pypi",
            "markers": "python_version < '3.13' and python_version >= '3.7'",
            "version": "==5.13.1"
        },
        "pyinstaller-hooks-contrib": {
            "hashes": [
                "sha256:11a9d59d903723dd693e8c10b054f3ea1ecad390623c9fa527c731d715fc5b3f",
                "sha256:6a601a0d783fa725327fc6ac712779475dc8979f639419c7fcd460dd8d0a6d2a"
            ],
            "markers": "python_version >= '3.7'",
            "version": "==2023.12"
        },
        "pyqt5": {
            "hashes": [
                "sha256:883ba5c8a348be78c8be6a3d3ba014c798e679503bce00d76c666c2dc6afe828",
                "sha256:dc41e8401a90dc3e2b692b411bd5492ab559ae27a27424eed4bd3915564ec4c0",
                "sha256:dd5ce10e79fbf1df29507d2daf99270f2057cdd25e4de6fbf2052b46c652e3a5",
                "sha256:e030d795df4cbbfcf4f38b18e2e119bcc9e177ef658a5094b87bb16cac0ce4c5",
                "sha256:e45c5cc15d4fd26ab5cb0e5cdba60691a3e9086411f8e3662db07a5a4222a696"
            ],
            "index": "pypi",
            "version": "==5.15.9"
        },
        "pyqt5-qt5": {
            "hashes": [
                "sha256:1988f364ec8caf87a6ee5d5a3a5210d57539988bf8e84714c7d60972692e2f4a",
                "sha256:750b78e4dba6bdf1607febedc08738e318ea09e9b10aea9ff0d73073f11f6962",
                "sha256:76980cd3d7ae87e3c7a33bfebfaee84448fd650bad6840471d6cae199b56e154",
                "sha256:9cc7a768b1921f4b982ebc00a318ccb38578e44e45316c7a4a850e953e1dd327"
            ],
            "version": "==5.15.2"
        },
        "pyqt5-sip": {
            "hashes": [
                "sha256:0e30f6c9b99161d8a524d8b7aa5a001be5fe002797151c27414066b838beaa4e",
                "sha256:1364f460ae07fc2f4c42dd7a3b3738611b29f5c033025e5e70b03e2687d4bda4",
                "sha256:2a344855b9c57d37cf000afa46967961122fb1867faee4f53054ebaa1ce51e24",
                "sha256:2e3d444f5cb81261c22e7c9d3a9a4484bb9db7a1a3077559100175d36297d1da",
                "sha256:3dad0b2bbe0bae4916e43610186d425cd186469b2e6c7ff853177c113b6af6ed",
                "sha256:51720277a53d99bac0914fb970970c9c2ec1a6ab3b7cc5580909d37d9cc6b152",
                "sha256:59229c8d30141220a472ba4e4212846e8bf0bed84c32cbeb57f70fe727c6dfc2",
                "sha256:5a9cbcfe8c15d3a34ef33570f0b0130b8ba68b98fd6ec92c28202b186f3ab870",
                "sha256:644310dcfed4373075bc576717eea60b0f49899beb5cffb204ddaf5f27cddb85",
                "sha256:6cb6139b00e347e7d961467d092e67c47a97893bc6ab83104bcaf50bf4815036",
                "sha256:7afc6ec06e79a3e0a7b447e28ef46dad372bdca32e7eff0dcbac6bc53b69a070",
                "sha256:7ed598ff1b666f9e5e0214be7840f308f8fb347fe416a2a45fbedab046a7120b",
                "sha256:8a2e48a331024a225128f94f5d0fb8089e924419693b2e03eda4d5dbc4313b52",
                "sha256:8fdc6e0148abd12d977a1d3828e7b79aae958e83c6cb5adae614916d888a6b10",
                "sha256:9e21e11eb6fb468affe0d72ff922788c2adc124480bb274941fce93ddb122b8f",
                "sha256:a65f5869f3f35330c920c1b218319140c0b84f8c49a20727b5e3df2acd496833",
                "sha256:b5b7a6c76fe3eb6b245ac6599c807b18e9a718167878a0b547db1d071a914c08",
                "sha256:d1378815b15198ce6dddd367fbd81f5c018ce473a89ae938b7a58e1d97f25b10",
                "sha256:e0241b62f5ca9aaff1037f12e6f5ed68168e7200e14e73f05b632381cee0ff4b",
                "sha256:eee684532876775e1d0fa20d4aae1b568aaa6c732d74e6657ee832e427d46947",
                "sha256:f5ac060219c127a5b9009a4cfe33086e36c6bb8e26c0b757b31a6c04d29d630d"
            ],
            "markers": "python_version >= '3.7'",
            "version": "==12.12.1"
        },
        "pyserial": {
            "hashes": [
                "sha256:3c77e014170dfffbd816e6ffc205e9842efb10be9f58ec16d3e8675b4925cddb",
                "sha256:c4451db6ba391ca6ca299fb3ec7bae67a5c55dde170964c7a14ceefec02f2cf0"
            ],
            "index": "pypi",
            "version": "==3.5"
        },
        "pywin32-ctypes": {
            "hashes": [
                "sha256:24ffc3b341d457d48e8922352130cf2644024a4ff09762a2261fd34c36ee5942",
                "sha256:9dc2d991b3479cc2df15930958b674a48a227d5361d413827a4cfd0b5876fc98"
            ],
            "markers": "sys_platform == 'win32'",
            "version": "==0.2.0"
        },
        "setuptools": {
            "hashes": [
                "sha256:385eb4edd9c9d5c17540511303e39a147ce2fc04bc55289c322b9e5904fe2c05",
                "sha256:be1af57fc409f93647f2e8e4573a142ed38724b8cdd389706a867bb4efcf1e78"
            ],
            "markers": "python_version >= '3.8'",
            "version": "==69.0.3"
        }
    },
    "develop": {}
}
